
Microsoft Visual Studio Solution File, Format Version 12.00
# Visual Studio Version 17
VisualStudioVersion = 17.5.33516.290
MinimumVisualStudioVersion = 10.0.40219.1
Project("{FAE04EC0-301F-11D3-BF4B-00C04F79EFBC}") = "CarInsurance", "CarInsurance\CarInsurance.csproj", "{D6FC3666-73AF-48F1-95C7-EC16079D08BE}"
EndProject
Global
	GlobalSection(SolutionConfigurationPlatforms) = preSolution
		Debug|Any CPU = Debug|Any CPU
		Release|Any CPU = Release|Any CPU
	EndGlobalSection
	GlobalSection(ProjectConfigurationPlatforms) = postSolution
		{D6FC3666-73AF-48F1-95C7-EC16079D08BE}.Debug|Any CPU.ActiveCfg = Debug|Any CPU
		{D6FC3666-73AF-48F1-95C7-EC16079D08BE}.Debug|Any CPU.Build.0 = Debug|Any CPU
		{D6FC3666-73AF-48F1-95C7-EC16079D08BE}.Release|Any CPU.ActiveCfg = Release|Any CPU
		{D6FC3666-73AF-48F1-95C7-EC16079D08BE}.Release|Any CPU.Build.0 = Release|Any CPU
	EndGlobalSection
	GlobalSection(SolutionProperties) = preSolution
		HideSolutionNode = FALSE
	EndGlobalSection
	GlobalSection(ExtensibilityGlobals) = postSolution
		SolutionGuid = {92859335-C837-4C9B-8CCB-AE43604767A0}
	EndGlobalSection
EndGlobal
